
Microsoft Visual Studio Solution File, Format Version 12.00
# Visual Studio Version 17
VisualStudioVersion = 17.14.36908.2 d17.14
MinimumVisualStudioVersion = 10.0.40219.1
Project("{FAE04EC0-301F-11D3-BF4B-00C04F79EFBC}") = "PL_VEHICULOS_ASPNET", "PL_VEHICULOS_ASPNET\PL_VEHICULOS_ASPNET.csproj", "{483AAD1D-45B4-44B2-A92E-740C102403EF}"
EndProject
Project("{FAE04EC0-301F-11D3-BF4B-00C04F79EFBC}") = "BLL_VEHICULOS_ASPNET", "BLL_VEHICULOS_ASPNET\BLL_VEHICULOS_ASPNET.csproj", "{D0FC025C-0C8F-44BB-8476-B378A40C24CA}"
EndProject
Project("{FAE04EC0-301F-11D3-BF4B-00C04F79EFBC}") = "DAL_VEHICULOS_ASPNET", "DAL_VEHICULOS_ASPNET\DAL_VEHICULOS_ASPNET.csproj", "{8BA3A3FC-D3B0-47B3-99CA-746CAA13A55C}"
EndProject
Global
	GlobalSection(SolutionConfigurationPlatforms) = preSolution
		Debug|Any CPU = Debug|Any CPU
		Release|Any CPU = Release|Any CPU
	EndGlobalSection
	GlobalSection(ProjectConfigurationPlatforms) = postSolution
		{483AAD1D-45B4-44B2-A92E-740C102403EF}.Debug|Any CPU.ActiveCfg = Debug|Any CPU
		{483AAD1D-45B4-44B2-A92E-740C102403EF}.Debug|Any CPU.Build.0 = Debug|Any CPU
		{483AAD1D-45B4-44B2-A92E-740C102403EF}.Release|Any CPU.ActiveCfg = Release|Any CPU
		{483AAD1D-45B4-44B2-A92E-740C102403EF}.Release|Any CPU.Build.0 = Release|Any CPU
		{D0FC025C-0C8F-44BB-8476-B378A40C24CA}.Debug|Any CPU.ActiveCfg = Debug|Any CPU
		{D0FC025C-0C8F-44BB-8476-B378A40C24CA}.Debug|Any CPU.Build.0 = Debug|Any CPU
		{D0FC025C-0C8F-44BB-8476-B378A40C24CA}.Release|Any CPU.ActiveCfg = Release|Any CPU
		{D0FC025C-0C8F-44BB-8476-B378A40C24CA}.Release|Any CPU.Build.0 = Release|Any CPU
		{8BA3A3FC-D3B0-47B3-99CA-746CAA13A55C}.Debug|Any CPU.ActiveCfg = Debug|Any CPU
		{8BA3A3FC-D3B0-47B3-99CA-746CAA13A55C}.Debug|Any CPU.Build.0 = Debug|Any CPU
		{8BA3A3FC-D3B0-47B3-99CA-746CAA13A55C}.Release|Any CPU.ActiveCfg = Release|Any CPU
		{8BA3A3FC-D3B0-47B3-99CA-746CAA13A55C}.Release|Any CPU.Build.0 = Release|Any CPU
	EndGlobalSection
	GlobalSection(SolutionProperties) = preSolution
		HideSolutionNode = FALSE
	EndGlobalSection
	GlobalSection(ExtensibilityGlobals) = postSolution
		SolutionGuid = {7D6A00EC-4B36-4A94-B9FF-0043369B347E}
	EndGlobalSection
EndGlobal
