
Microsoft Visual Studio Solution File, Format Version 12.00
# Visual Studio Version 17
VisualStudioVersion = 17.14.36811.4 d17.14
MinimumVisualStudioVersion = 10.0.40219.1
Project("{FAE04EC0-301F-11D3-BF4B-00C04F79EFBC}") = "PL_VEHICULOS_HTML", "PL_VEHICULOS_HTML\PL_VEHICULOS_HTML.csproj", "{4AE4C112-2372-46F7-8CDF-9BA8C1AED2B6}"
EndProject
Project("{FAE04EC0-301F-11D3-BF4B-00C04F79EFBC}") = "DAL_VEHICULOS_HTML", "DAL_VEHICULOS_HTML\DAL_VEHICULOS_HTML.csproj", "{EB78E6B6-3F81-44E8-B8CB-DF44344D575C}"
EndProject
Project("{FAE04EC0-301F-11D3-BF4B-00C04F79EFBC}") = "BLL_VEHICULOS_HTML", "BLL_VEHICULOS_HTML\BLL_VEHICULOS_HTML.csproj", "{8FCF05C8-1250-45A1-878F-458927B1184D}"
EndProject
Global
	GlobalSection(SolutionConfigurationPlatforms) = preSolution
		Debug|Any CPU = Debug|Any CPU
		Release|Any CPU = Release|Any CPU
	EndGlobalSection
	GlobalSection(ProjectConfigurationPlatforms) = postSolution
		{4AE4C112-2372-46F7-8CDF-9BA8C1AED2B6}.Debug|Any CPU.ActiveCfg = Debug|Any CPU
		{4AE4C112-2372-46F7-8CDF-9BA8C1AED2B6}.Debug|Any CPU.Build.0 = Debug|Any CPU
		{4AE4C112-2372-46F7-8CDF-9BA8C1AED2B6}.Release|Any CPU.ActiveCfg = Release|Any CPU
		{4AE4C112-2372-46F7-8CDF-9BA8C1AED2B6}.Release|Any CPU.Build.0 = Release|Any CPU
		{EB78E6B6-3F81-44E8-B8CB-DF44344D575C}.Debug|Any CPU.ActiveCfg = Debug|Any CPU
		{EB78E6B6-3F81-44E8-B8CB-DF44344D575C}.Debug|Any CPU.Build.0 = Debug|Any CPU
		{EB78E6B6-3F81-44E8-B8CB-DF44344D575C}.Release|Any CPU.ActiveCfg = Release|Any CPU
		{EB78E6B6-3F81-44E8-B8CB-DF44344D575C}.Release|Any CPU.Build.0 = Release|Any CPU
		{8FCF05C8-1250-45A1-878F-458927B1184D}.Debug|Any CPU.ActiveCfg = Debug|Any CPU
		{8FCF05C8-1250-45A1-878F-458927B1184D}.Debug|Any CPU.Build.0 = Debug|Any CPU
		{8FCF05C8-1250-45A1-878F-458927B1184D}.Release|Any CPU.ActiveCfg = Release|Any CPU
		{8FCF05C8-1250-45A1-878F-458927B1184D}.Release|Any CPU.Build.0 = Release|Any CPU
	EndGlobalSection
	GlobalSection(SolutionProperties) = preSolution
		HideSolutionNode = FALSE
	EndGlobalSection
	GlobalSection(ExtensibilityGlobals) = postSolution
		SolutionGuid = {3081A86C-6F19-4539-8099-560190D8A5FE}
	EndGlobalSection
EndGlobal
